
Microsoft Visual Studio Solution File, Format Version 12.00
# Visual Studio Version 17
VisualStudioVersion = 17.4.33122.133
MinimumVisualStudioVersion = 10.0.40219.1
Project("{FAE04EC0-301F-11D3-BF4B-00C04F79EFBC}") = "FIAP_APP.Domain", "FIAP_APP.Domain\FIAP_APP.Domain.csproj", "{B3ED7E83-5DF9-4B54-AAE5-751D21385298}"
EndProject
Project("{FAE04EC0-301F-11D3-BF4B-00C04F79EFBC}") = "FIAP_APP.Infra", "FIAP_APP_Infra\FIAP_APP.Infra.csproj", "{F2BF14D0-CDF0-44D6-B83F-E6060A54C35D}"
EndProject
Project("{FAE04EC0-301F-11D3-BF4B-00C04F79EFBC}") = "FIAP_APP.InfraData", "FIAP_APP.InfraData\FIAP_APP.InfraData.csproj", "{D091A698-908E-4099-A06D-BB900E6D68F2}"
EndProject
Project("{FAE04EC0-301F-11D3-BF4B-00C04F79EFBC}") = "FIAP_APP.API.UI", "FIAP_APP.API.UI\FIAP_APP.API.UI.csproj", "{FA938878-8A91-404F-BB91-023ABF4BD3BF}"
EndProject
Project("{FAE04EC0-301F-11D3-BF4B-00C04F79EFBC}") = "FIAP_APP.WEB", "FIAP_APP.WEB\FIAP_APP.WEB.csproj", "{C8085098-1222-4EA9-9F8E-D75B590DB9F8}"
EndProject
Global
	GlobalSection(SolutionConfigurationPlatforms) = preSolution
		Debug|Any CPU = Debug|Any CPU
		Release|Any CPU = Release|Any CPU
	EndGlobalSection
	GlobalSection(ProjectConfigurationPlatforms) = postSolution
		{B3ED7E83-5DF9-4B54-AAE5-751D21385298}.Debug|Any CPU.ActiveCfg = Debug|Any CPU
		{B3ED7E83-5DF9-4B54-AAE5-751D21385298}.Debug|Any CPU.Build.0 = Debug|Any CPU
		{B3ED7E83-5DF9-4B54-AAE5-751D21385298}.Release|Any CPU.ActiveCfg = Release|Any CPU
		{B3ED7E83-5DF9-4B54-AAE5-751D21385298}.Release|Any CPU.Build.0 = Release|Any CPU
		{F2BF14D0-CDF0-44D6-B83F-E6060A54C35D}.Debug|Any CPU.ActiveCfg = Debug|Any CPU
		{F2BF14D0-CDF0-44D6-B83F-E6060A54C35D}.Debug|Any CPU.Build.0 = Debug|Any CPU
		{F2BF14D0-CDF0-44D6-B83F-E6060A54C35D}.Release|Any CPU.ActiveCfg = Release|Any CPU
		{F2BF14D0-CDF0-44D6-B83F-E6060A54C35D}.Release|Any CPU.Build.0 = Release|Any CPU
		{D091A698-908E-4099-A06D-BB900E6D68F2}.Debug|Any CPU.ActiveCfg = Debug|Any CPU
		{D091A698-908E-4099-A06D-BB900E6D68F2}.Debug|Any CPU.Build.0 = Debug|Any CPU
		{D091A698-908E-4099-A06D-BB900E6D68F2}.Release|Any CPU.ActiveCfg = Release|Any CPU
		{D091A698-908E-4099-A06D-BB900E6D68F2}.Release|Any CPU.Build.0 = Release|Any CPU
		{FA938878-8A91-404F-BB91-023ABF4BD3BF}.Debug|Any CPU.ActiveCfg = Debug|Any CPU
		{FA938878-8A91-404F-BB91-023ABF4BD3BF}.Debug|Any CPU.Build.0 = Debug|Any CPU
		{FA938878-8A91-404F-BB91-023ABF4BD3BF}.Release|Any CPU.ActiveCfg = Release|Any CPU
		{FA938878-8A91-404F-BB91-023ABF4BD3BF}.Release|Any CPU.Build.0 = Release|Any CPU
		{C8085098-1222-4EA9-9F8E-D75B590DB9F8}.Debug|Any CPU.ActiveCfg = Debug|Any CPU
		{C8085098-1222-4EA9-9F8E-D75B590DB9F8}.Debug|Any CPU.Build.0 = Debug|Any CPU
		{C8085098-1222-4EA9-9F8E-D75B590DB9F8}.Release|Any CPU.ActiveCfg = Release|Any CPU
		{C8085098-1222-4EA9-9F8E-D75B590DB9F8}.Release|Any CPU.Build.0 = Release|Any CPU
	EndGlobalSection
	GlobalSection(SolutionProperties) = preSolution
		HideSolutionNode = FALSE
	EndGlobalSection
	GlobalSection(ExtensibilityGlobals) = postSolution
		SolutionGuid = {B16040FD-C90D-4403-A466-069377B81B05}
	EndGlobalSection
EndGlobal
